{
  "name": "sessions",
  "version": "0.1.0",
  "lockfileVersion": 3,
  "requires": true,
  "packages": {
    "": {
      "name": "sessions",
      "version": "0.1.0",
      "hasInstallScript": true,
      "dependencies": {
        "@sessions/design-system": "git+https://github.com/hazmatic94/Sessions-Design-System.git"
      }
    },
    "node_modules/@sessions/design-system": {
      "version": "0.1.0",
      "resolved": "git+https://github.com/hazmatic94/Sessions-Design-System.git#f479211bd5a37357a2ff0cb6f32752625be1c0d5"
    }
  }
}
