{
  "name": "sessions",
  "version": "0.1.0",
  "lockfileVersion": 3,
  "requires": true,
  "packages": {
    "": {
      "name": "sessions",
      "version": "0.1.0",
      "hasInstallScript": true,
      "dependencies": {
        "@sessions/design-system": "git+https://github.com/hazmatic94/Sessions-Design-System.git#bcb0d814801cd8c8d7f2e7dc5c5c329df7d4235b"
      }
    },
    "node_modules/@sessions/design-system": {
      "version": "0.1.0",
      "resolved": "git+https://github.com/hazmatic94/Sessions-Design-System.git#bcb0d814801cd8c8d7f2e7dc5c5c329df7d4235b",
      "integrity": "sha512-5aXfkCHMj8w+XSyFPjh77hPt3ubDUpBXXPjI+Ee5I5Zruizu831TAF/wIZc/dNM5JlX0yrS46mM+TZoHYR0mPg=="
    }
  }
}
