{
  "name": "sessions",
  "version": "0.1.0",
  "lockfileVersion": 3,
  "requires": true,
  "packages": {
    "": {
      "name": "sessions",
      "version": "0.1.0",
      "hasInstallScript": true,
      "dependencies": {
        "@sessions/design-system": "git+https://github.com/hazmatic94/Sessions-Design-System.git#d276c34e88066b062eff182c3f9f945a5b35a97e"
      }
    },
    "node_modules/@sessions/design-system": {
      "version": "0.1.0",
      "resolved": "git+https://github.com/hazmatic94/Sessions-Design-System.git#d276c34e88066b062eff182c3f9f945a5b35a97e",
      "integrity": "sha512-lVqC0UcwwmIw7IGSK8nTLQ/zVQL0E/eZG2B8XZzkHD+0p/RW6T802ke5VrELN4BLIUC0ZJiahl8/RO1m1PPDTg=="
    }
  }
}
